// !$*UTF8*$!
{
	archiveVersion = 1;
	classes = {
	};
	objectVersion = 56;
	objects = {

/* Begin PBXBuildFile section */
		4805A7E0293F33D000F21B6E /* AppDelegate.swift in Sources */ = {isa = PBXBuildFile; fileRef = 4805A7DF293F33D000F21B6E /* AppDelegate.swift */; };
		4805A7E2293F33D000F21B6E /* SceneDelegate.swift in Sources */ = {isa = PBXBuildFile; fileRef = 4805A7E1293F33D000F21B6E /* SceneDelegate.swift */; };
		4805A7E4293F33D000F21B6E /* ViewController.swift in Sources */ = {isa = PBXBuildFile; fileRef = 4805A7E3293F33D000F21B6E /* ViewController.swift */; };
		4805A7E7293F33D000F21B6E /* Main.storyboard in Resources */ = {isa = PBXBuildFile; fileRef = 4805A7E5293F33D000F21B6E /* Main.storyboard */; };
		4805A7E9293F33D500F21B6E /* Assets.xcassets in Resources */ = {isa = PBXBuildFile; fileRef = 4805A7E8293F33D500F21B6E /* Assets.xcassets */; };
		4805A7EC293F33D500F21B6E /* LaunchScreen.storyboard in Resources */ = {isa = PBXBuildFile; fileRef = 4805A7EA293F33D500F21B6E /* LaunchScreen.storyboard */; };
		4805A7F7293F33D500F21B6E /* ImageDownloadTests.swift in Sources */ = {isa = PBXBuildFile; fileRef = 4805A7F6293F33D500F21B6E /* ImageDownloadTests.swift */; };
		4805A801293F33D500F21B6E /* ImageDownloadUITests.swift in Sources */ = {isa = PBXBuildFile; fileRef = 4805A800293F33D500F21B6E /* ImageDownloadUITests.swift */; };
		4805A803293F33D500F21B6E /* ImageDownloadUITestsLaunchTests.swift in Sources */ = {isa = PBXBuildFile; fileRef = 4805A802293F33D500F21B6E /* ImageDownloadUITestsLaunchTests.swift */; };
/* End PBXBuildFile section */

/* Begin PBXContainerItemProxy section */
		4805A7F3293F33D500F21B6E /* PBXContainerItemProxy */ = {
			isa = PBXContainerItemProxy;
			containerPortal = 4805A7D4293F33D000F21B6E /* Project object */;
			proxyType = 1;
			remoteGlobalIDString = 4805A7DB293F33D000F21B6E;
			remoteInfo = ImageDownload;
		};
		4805A7FD293F33D500F21B6E /* PBXContainerItemProxy */ = {
			isa = PBXContainerItemProxy;
			containerPortal = 4805A7D4293F33D000F21B6E /* Project object */;
			proxyType = 1;
			remoteGlobalIDString = 4805A7DB293F33D000F21B6E;
			remoteInfo = ImageDownload;
		};
/* End PBXContainerItemProxy section */

/* Begin PBXFileReference section */
		4805A7DC293F33D000F21B6E /* ImageDownload.app */ = {isa = PBXFileReference; explicitFileType = wrapper.application; includeInIndex = 0; path = ImageDownload.app; sourceTree = BUILT_PRODUCTS_DIR; };
		4805A7DF293F33D000F21B6E /* AppDelegate.swift */ = {isa = PBXFileReference; lastKnownFileType = sourcecode.swift; path = AppDelegate.swift; sourceTree = "<group>"; };
		4805A7E1293F33D000F21B6E /* SceneDelegate.swift */ = {isa = PBXFileReference; lastKnownFileType = sourcecode.swift; path = SceneDelegate.swift; sourceTree = "<group>"; };
		4805A7E3293F33D000F21B6E /* ViewController.swift */ = {isa = PBXFileReference; lastKnownFileType = sourcecode.swift; path = ViewController.swift; sourceTree = "<group>"; };
		4805A7E6293F33D000F21B6E /* Base */ = {isa = PBXFileReference; lastKnownFileType = file.storyboard; name = Base; path = Base.lproj/Main.storyboard; sourceTree = "<group>"; };
		4805A7E8293F33D500F21B6E /* Assets.xcassets */ = {isa = PBXFileReference; lastKnownFileType = folder.assetcatalog; path = Assets.xcassets; sourceTree = "<group>"; };
		4805A7EB293F33D500F21B6E /* Base */ = {isa = PBXFileReference; lastKnownFileType = file.storyboard; name = Base; path = Base.lproj/LaunchScreen.storyboard; sourceTree = "<group>"; };
		4805A7ED293F33D500F21B6E /* Info.plist */ = {isa = PBXFileReference; lastKnownFileType = text.plist.xml; path = Info.plist; sourceTree = "<group>"; };
		4805A7F2293F33D500F21B6E /* ImageDownloadTests.xctest */ = {isa = PBXFileReference; explicitFileType = wrapper.cfbundle; includeInIndex = 0; path = ImageDownloadTests.xctest; sourceTree = BUILT_PRODUCTS_DIR; };
		4805A7F6293F33D500F21B6E /* ImageDownloadTests.swift */ = {isa = PBXFileReference; lastKnownFileType = sourcecode.swift; path = ImageDownloadTests.swift; sourceTree = "<group>"; };
		4805A7FC293F33D500F21B6E /* ImageDownloadUITests.xctest */ = {isa = PBXFileReference; explicitFileType = wrapper.cfbundle; includeInIndex = 0; path = ImageDownloadUITests.xctest; sourceTree = BUILT_PRODUCTS_DIR; };
		4805A800293F33D500F21B6E /* ImageDownloadUITests.swift */ = {isa = PBXFileReference; lastKnownFileType = sourcecode.swift; path = ImageDownloadUITests.swift; sourceTree = "<group>"; };
		4805A802293F33D500F21B6E /* ImageDownloadUITestsLaunchTests.swift */ = {isa = PBXFileReference; lastKnownFileType = sourcecode.swift; path = ImageDownloadUITestsLaunchTests.swift; sourceTree = "<group>"; };
/* End PBXFileReference section */

/* Begin PBXFrameworksBuildPhase section */
		4805A7D9293F33D000F21B6E /* Frameworks */ = {
			isa = PBXFrameworksBuildPhase;
			buildActionMask = 2147483647;
			files = (
			);
			runOnlyForDeploymentPostprocessing = 0;
		};
		4805A7EF293F33D500F21B6E /* Frameworks */ = {
			isa = PBXFrameworksBuildPhase;
			buildActionMask = 2147483647;
			files = (
			);
			runOnlyForDeploymentPostprocessing = 0;
		};
		4805A7F9293F33D500F21B6E /* Frameworks */ = {
			isa = PBXFrameworksBuildPhase;
			buildActionMask = 2147483647;
			files = (
			);
			runOnlyForDeploymentPostprocessing = 0;
		};
/* End PBXFrameworksBuildPhase section */

/* Begin PBXGroup section */
		4805A7D3293F33D000F21B6E = {
			isa = PBXGroup;
			children = (
				4805A7DE293F33D000F21B6E /* ImageDownload */,
				4805A7F5293F33D500F21B6E /* ImageDownloadTests */,
				4805A7FF293F33D500F21B6E /* ImageDownloadUITests */,
				4805A7DD293F33D000F21B6E /* Products */,
			);
			sourceTree = "<group>";
		};
		4805A7DD293F33D000F21B6E /* Products */ = {
			isa = PBXGroup;
			children = (
				4805A7DC293F33D000F21B6E /* ImageDownload.app */,
				4805A7F2293F33D500F21B6E /* ImageDownloadTests.xctest */,
				4805A7FC293F33D500F21B6E /* ImageDownloadUITests.xctest */,
			);
			name = Products;
			sourceTree = "<group>";
		};
		4805A7DE293F33D000F21B6E /* ImageDownload */ = {
			isa = PBXGroup;
			children = (
				4805A7DF293F33D000F21B6E /* AppDelegate.swift */,
				4805A7E1293F33D000F21B6E /* SceneDelegate.swift */,
				4805A7E3293F33D000F21B6E /* ViewController.swift */,
				4805A7E5293F33D000F21B6E /* Main.storyboard */,
				4805A7E8293F33D500F21B6E /* Assets.xcassets */,
				4805A7EA293F33D500F21B6E /* LaunchScreen.storyboard */,
				4805A7ED293F33D500F21B6E /* Info.plist */,
			);
			path = ImageDownload;
			sourceTree = "<group>";
		};
		4805A7F5293F33D500F21B6E /* ImageDownloadTests */ = {
			isa = PBXGroup;
			children = (
				4805A7F6293F33D500F21B6E /* ImageDownloadTests.swift */,
			);
			path = ImageDownloadTests;
			sourceTree = "<group>";
		};
		4805A7FF293F33D500F21B6E /* ImageDownloadUITests */ = {
			isa = PBXGroup;
			children = (
				4805A800293F33D500F21B6E /* ImageDownloadUITests.swift */,
				4805A802293F33D500F21B6E /* ImageDownloadUITestsLaunchTests.swift */,
			);
			path = ImageDownloadUITests;
			sourceTree = "<group>";
		};
/* End PBXGroup section */

/* Begin PBXNativeTarget section */
		4805A7DB293F33D000F21B6E /* ImageDownload */ = {
			isa = PBXNativeTarget;
			buildConfigurationList = 4805A806293F33D500F21B6E /* Build configuration list for PBXNativeTarget "ImageDownload" */;
			buildPhases = (
				4805A7D8293F33D000F21B6E /* Sources */,
				4805A7D9293F33D000F21B6E /* Frameworks */,
				4805A7DA293F33D000F21B6E /* Resources */,
			);
			buildRules = (
			);
			dependencies = (
			);
			name = ImageDownload;
			productName = ImageDownload;
			productReference = 4805A7DC293F33D000F21B6E /* ImageDownload.app */;
			productType = "com.apple.product-type.application";
		};
		4805A7F1293F33D500F21B6E /* ImageDownloadTests */ = {
			isa = PBXNativeTarget;
			buildConfigurationList = 4805A809293F33D500F21B6E /* Build configuration list for PBXNativeTarget "ImageDownloadTests" */;
			buildPhases = (
				4805A7EE293F33D500F21B6E /* Sources */,
				4805A7EF293F33D500F21B6E /* Frameworks */,
				4805A7F0293F33D500F21B6E /* Resources */,
			);
			buildRules = (
			);
			dependencies = (
				4805A7F4293F33D500F21B6E /* PBXTargetDependency */,
			);
			name = ImageDownloadTests;
			productName = ImageDownloadTests;
			productReference = 4805A7F2293F33D500F21B6E /* ImageDownloadTests.xctest */;
			productType = "com.apple.product-type.bundle.unit-test";
		};
		4805A7FB293F33D500F21B6E /* ImageDownloadUITests */ = {
			isa = PBXNativeTarget;
			buildConfigurationList = 4805A80C293F33D500F21B6E /* Build configuration list for PBXNativeTarget "ImageDownloadUITests" */;
			buildPhases = (
				4805A7F8293F33D500F21B6E /* Sources */,
				4805A7F9293F33D500F21B6E /* Frameworks */,
				4805A7FA293F33D500F21B6E /* Resources */,
			);
			buildRules = (
			);
			dependencies = (
				4805A7FE293F33D500F21B6E /* PBXTargetDependency */,
			);
			name = ImageDownloadUITests;
			productName = ImageDownloadUITests;
			productReference = 4805A7FC293F33D500F21B6E /* ImageDownloadUITests.xctest */;
			productType = "com.apple.product-type.bundle.ui-testing";
		};
/* End PBXNativeTarget section */

/* Begin PBXProject section */
		4805A7D4293F33D000F21B6E /* Project object */ = {
			isa = PBXProject;
			attributes = {
				BuildIndependentTargetsInParallel = 1;
				LastSwiftUpdateCheck = 1400;
				LastUpgradeCheck = 1400;
				TargetAttributes = {
					4805A7DB293F33D000F21B6E = {
						CreatedOnToolsVersion = 14.0;
					};
					4805A7F1293F33D500F21B6E = {
						CreatedOnToolsVersion = 14.0;
						TestTargetID = 4805A7DB293F33D000F21B6E;
					};
					4805A7FB293F33D500F21B6E = {
						CreatedOnToolsVersion = 14.0;
						TestTargetID = 4805A7DB293F33D000F21B6E;
					};
				};
			};
			buildConfigurationList = 4805A7D7293F33D000F21B6E /* Build configuration list for PBXProject "ImageDownload" */;
			compatibilityVersion = "Xcode 14.0";
			developmentRegion = en;
			hasScannedForEncodings = 0;
			knownRegions = (
				en,
				Base,
			);
			mainGroup = 4805A7D3293F33D000F21B6E;
			productRefGroup = 4805A7DD293F33D000F21B6E /* Products */;
			projectDirPath = "";
			projectRoot = "";
			targets = (
				4805A7DB293F33D000F21B6E /* ImageDownload */,
				4805A7F1293F33D500F21B6E /* ImageDownloadTests */,
				4805A7FB293F33D500F21B6E /* ImageDownloadUITests */,
			);
		};
/* End PBXProject section */

/* Begin PBXResourcesBuildPhase section */
		4805A7DA293F33D000F21B6E /* Resources */ = {
			isa = PBXResourcesBuildPhase;
			buildActionMask = 2147483647;
			files = (
				4805A7EC293F33D500F21B6E /* LaunchScreen.storyboard in Resources */,
				4805A7E9293F33D500F21B6E /* Assets.xcassets in Resources */,
				4805A7E7293F33D000F21B6E /* Main.storyboard in Resources */,
			);
			runOnlyForDeploymentPostprocessing = 0;
		};
		4805A7F0293F33D500F21B6E /* Resources */ = {
			isa = PBXResourcesBuildPhase;
			buildActionMask = 2147483647;
			files = (
			);
			runOnlyForDeploymentPostprocessing = 0;
		};
		4805A7FA293F33D500F21B6E /* Resources */ = {
			isa = PBXResourcesBuildPhase;
			buildActionMask = 2147483647;
			files = (
			);
			runOnlyForDeploymentPostprocessing = 0;
		};
/* End PBXResourcesBuildPhase section */

/* Begin PBXSourcesBuildPhase section */
		4805A7D8293F33D000F21B6E /* Sources */ = {
			isa = PBXSourcesBuildPhase;
			buildActionMask = 2147483647;
			files = (
				4805A7E4293F33D000F21B6E /* ViewController.swift in Sources */,
				4805A7E0293F33D000F21B6E /* AppDelegate.swift in Sources */,
				4805A7E2293F33D000F21B6E /* SceneDelegate.swift in Sources */,
			);
			runOnlyForDeploymentPostprocessing = 0;
		};
		4805A7EE293F33D500F21B6E /* Sources */ = {
			isa = PBXSourcesBuildPhase;
			buildActionMask = 2147483647;
			files = (
				4805A7F7293F33D500F21B6E /* ImageDownloadTests.swift in Sources */,
			);
			runOnlyForDeploymentPostprocessing = 0;
		};
		4805A7F8293F33D500F21B6E /* Sources */ = {
			isa = PBXSourcesBuildPhase;
			buildActionMask = 2147483647;
			files = (
				4805A803293F33D500F21B6E /* ImageDownloadUITestsLaunchTests.swift in Sources */,
				4805A801293F33D500F21B6E /* ImageDownloadUITests.swift in Sources */,
			);
			runOnlyForDeploymentPostprocessing = 0;
		};
/* End PBXSourcesBuildPhase section */

/* Begin PBXTargetDependency section */
		4805A7F4293F33D500F21B6E /* PBXTargetDependency */ = {
			isa = PBXTargetDependency;
			target = 4805A7DB293F33D000F21B6E /* ImageDownload */;
			targetProxy = 4805A7F3293F33D500F21B6E /* PBXContainerItemProxy */;
		};
		4805A7FE293F33D500F21B6E /* PBXTargetDependency */ = {
			isa = PBXTargetDependency;
			target = 4805A7DB293F33D000F21B6E /* ImageDownload */;
			targetProxy = 4805A7FD293F33D500F21B6E /* PBXContainerItemProxy */;
		};
/* End PBXTargetDependency section */

/* Begin PBXVariantGroup section */
		4805A7E5293F33D000F21B6E /* Main.storyboard */ = {
			isa = PBXVariantGroup;
			children = (
				4805A7E6293F33D000F21B6E /* Base */,
			);
			name = Main.storyboard;
			sourceTree = "<group>";
		};
		4805A7EA293F33D500F21B6E /* LaunchScreen.storyboard */ = {
			isa = PBXVariantGroup;
			children = (
				4805A7EB293F33D500F21B6E /* Base */,
			);
			name = LaunchScreen.storyboard;
			sourceTree = "<group>";
		};
/* End PBXVariantGroup section */

/* Begin XCBuildConfiguration section */
		4805A804293F33D500F21B6E /* Debug */ = {
			isa = XCBuildConfiguration;
			buildSettings = {
				ALWAYS_SEARCH_USER_PATHS = NO;
				CLANG_ANALYZER_NONNULL = YES;
				CLANG_ANALYZER_NUMBER_OBJECT_CONVERSION = YES_AGGRESSIVE;
				CLANG_CXX_LANGUAGE_STANDARD = "gnu++20";
				CLANG_ENABLE_MODULES = YES;
				CLANG_ENABLE_OBJC_ARC = YES;
				CLANG_ENABLE_OBJC_WEAK = YES;
				CLANG_WARN_BLOCK_CAPTURE_AUTORELEASING = YES;
				CLANG_WARN_BOOL_CONVERSION = YES;
				CLANG_WARN_COMMA = YES;
				CLANG_WARN_CONSTANT_CONVERSION = YES;
				CLANG_WARN_DEPRECATED_OBJC_IMPLEMENTATIONS = YES;
				CLANG_WARN_DIRECT_OBJC_ISA_USAGE = YES_ERROR;
				CLANG_WARN_DOCUMENTATION_COMMENTS = YES;
				CLANG_WARN_EMPTY_BODY = YES;
				CLANG_WARN_ENUM_CONVERSION = YES;
				CLANG_WARN_INFINITE_RECURSION = YES;
				CLANG_WARN_INT_CONVERSION = YES;
				CLANG_WARN_NON_LITERAL_NULL_CONVERSION = YES;
				CLANG_WARN_OBJC_IMPLICIT_RETAIN_SELF = YES;
				CLANG_WARN_OBJC_LITERAL_CONVERSION = YES;
				CLANG_WARN_OBJC_ROOT_CLASS = YES_ERROR;
				CLANG_WARN_QUOTED_INCLUDE_IN_FRAMEWORK_HEADER = YES;
				CLANG_WARN_RANGE_LOOP_ANALYSIS = YES;
				CLANG_WARN_STRICT_PROTOTYPES = YES;
				CLANG_WARN_SUSPICIOUS_MOVE = YES;
				CLANG_WARN_UNGUARDED_AVAILABILITY = YES_AGGRESSIVE;
				CLANG_WARN_UNREACHABLE_CODE = YES;
				CLANG_WARN__DUPLICATE_METHOD_MATCH = YES;
				COPY_PHASE_STRIP = NO;
				DEBUG_INFORMATION_FORMAT = dwarf;
				ENABLE_STRICT_OBJC_MSGSEND = YES;
				ENABLE_TESTABILITY = YES;
				GCC_C_LANGUAGE_STANDARD = gnu11;
				GCC_DYNAMIC_NO_PIC = NO;
				GCC_NO_COMMON_BLOCKS = YES;
				GCC_OPTIMIZATION_LEVEL = 0;
				GCC_PREPROCESSOR_DEFINITIONS = (
					"DEBUG=1",
					"$(inherited)",
				);
				GCC_WARN_64_TO_32_BIT_CONVERSION = YES;
				GCC_WARN_ABOUT_RETURN_TYPE = YES_ERROR;
				GCC_WARN_UNDECLARED_SELECTOR = YES;
				GCC_WARN_UNINITIALIZED_AUTOS = YES_AGGRESSIVE;
				GCC_WARN_UNUSED_FUNCTION = YES;
				GCC_WARN_UNUSED_VARIABLE = YES;
				IPHONEOS_DEPLOYMENT_TARGET = 16.0;
				MTL_ENABLE_DEBUG_INFO = INCLUDE_SOURCE;
				MTL_FAST_MATH = YES;
				ONLY_ACTIVE_ARCH = YES;
				SDKROOT = iphoneos;
				SWIFT_ACTIVE_COMPILATION_CONDITIONS = DEBUG;
				SWIFT_OPTIMIZATION_LEVEL = "-Onone";
			};
			name = Debug;
		};
		4805A805293F33D500F21B6E /* Release */ = {
			isa = XCBuildConfiguration;
			buildSettings = {
				ALWAYS_SEARCH_USER_PATHS = NO;
				CLANG_ANALYZER_NONNULL = YES;
				CLANG_ANALYZER_NUMBER_OBJECT_CONVERSION = YES_AGGRESSIVE;
				CLANG_CXX_LANGUAGE_STANDARD = "gnu++20";
				CLANG_ENABLE_MODULES = YES;
				CLANG_ENABLE_OBJC_ARC = YES;
				CLANG_ENABLE_OBJC_WEAK = YES;
				CLANG_WARN_BLOCK_CAPTURE_AUTORELEASING = YES;
				CLANG_WARN_BOOL_CONVERSION = YES;
				CLANG_WARN_COMMA = YES;
				CLANG_WARN_CONSTANT_CONVERSION = YES;
				CLANG_WARN_DEPRECATED_OBJC_IMPLEMENTATIONS = YES;
				CLANG_WARN_DIRECT_OBJC_ISA_USAGE = YES_ERROR;
				CLANG_WARN_DOCUMENTATION_COMMENTS = YES;
				CLANG_WARN_EMPTY_BODY = YES;
				CLANG_WARN_ENUM_CONVERSION = YES;
				CLANG_WARN_INFINITE_RECURSION = YES;
				CLANG_WARN_INT_CONVERSION = YES;
				CLANG_WARN_NON_LITERAL_NULL_CONVERSION = YES;
				CLANG_WARN_OBJC_IMPLICIT_RETAIN_SELF = YES;
				CLANG_WARN_OBJC_LITERAL_CONVERSION = YES;
				CLANG_WARN_OBJC_ROOT_CLASS = YES_ERROR;
				CLANG_WARN_QUOTED_INCLUDE_IN_FRAMEWORK_HEADER = YES;
				CLANG_WARN_RANGE_LOOP_ANALYSIS = YES;
				CLANG_WARN_STRICT_PROTOTYPES = YES;
				CLANG_WARN_SUSPICIOUS_MOVE = YES;
				CLANG_WARN_UNGUARDED_AVAILABILITY = YES_AGGRESSIVE;
				CLANG_WARN_UNREACHABLE_CODE = YES;
				CLANG_WARN__DUPLICATE_METHOD_MATCH = YES;
				COPY_PHASE_STRIP = NO;
				DEBUG_INFORMATION_FORMAT = "dwarf-with-dsym";
				ENABLE_NS_ASSERTIONS = NO;
				ENABLE_STRICT_OBJC_MSGSEND = YES;
				GCC_C_LANGUAGE_STANDARD = gnu11;
				GCC_NO_COMMON_BLOCKS = YES;
				GCC_WARN_64_TO_32_BIT_CONVERSION = YES;
				GCC_WARN_ABOUT_RETURN_TYPE = YES_ERROR;
				GCC_WARN_UNDECLARED_SELECTOR = YES;
				GCC_WARN_UNINITIALIZED_AUTOS = YES_AGGRESSIVE;
				GCC_WARN_UNUSED_FUNCTION = YES;
				GCC_WARN_UNUSED_VARIABLE = YES;
				IPHONEOS_DEPLOYMENT_TARGET = 16.0;
				MTL_ENABLE_DEBUG_INFO = NO;
				MTL_FAST_MATH = YES;
				SDKROOT = iphoneos;
				SWIFT_COMPILATION_MODE = wholemodule;
				SWIFT_OPTIMIZATION_LEVEL = "-O";
				VALIDATE_PRODUCT = YES;
			};
			name = Release;
		};
		4805A807293F33D500F21B6E /* Debug */ = {
			isa = XCBuildConfiguration;
			buildSettings = {
				ASSETCATALOG_COMPILER_APPICON_NAME = AppIcon;
				ASSETCATALOG_COMPILER_GLOBAL_ACCENT_COLOR_NAME = AccentColor;
				CODE_SIGN_STYLE = Automatic;
				CURRENT_PROJECT_VERSION = 1;
				DEVELOPMENT_TEAM = 9GRVB72NF8;
				GENERATE_INFOPLIST_FILE = YES;
				INFOPLIST_FILE = ImageDownload/Info.plist;
				INFOPLIST_KEY_UIApplicationSupportsIndirectInputEvents = YES;
				INFOPLIST_KEY_UILaunchStoryboardName = LaunchScreen;
				INFOPLIST_KEY_UIMainStoryboardFile = Main;
				INFOPLIST_KEY_UISupportedInterfaceOrientations_iPad = "UIInterfaceOrientationPortrait UIInterfaceOrientationPortraitUpsideDown UIInterfaceOrientationLandscapeLeft UIInterfaceOrientationLandscapeRight";
				INFOPLIST_KEY_UISupportedInterfaceOrientations_iPhone = "UIInterfaceOrientationPortrait UIInterfaceOrientationLandscapeLeft UIInterfaceOrientationLandscapeRight";
				LD_RUNPATH_SEARCH_PATHS = (
					"$(inherited)",
					"@executable_path/Frameworks",
				);
				MARKETING_VERSION = 1.0;
				PRODUCT_BUNDLE_IDENTIFIER = com.codestronaut.ImageDownload;
				PRODUCT_NAME = "$(TARGET_NAME)";
				SWIFT_EMIT_LOC_STRINGS = YES;
				SWIFT_VERSION = 5.0;
				TARGETED_DEVICE_FAMILY = "1,2";
			};
			name = Debug;
		};
		4805A808293F33D500F21B6E /* Release */ = {
			isa = XCBuildConfiguration;
			buildSettings = {
				ASSETCATALOG_COMPILER_APPICON_NAME = AppIcon;
				ASSETCATALOG_COMPILER_GLOBAL_ACCENT_COLOR_NAME = AccentColor;
				CODE_SIGN_STYLE = Automatic;
				CURRENT_PROJECT_VERSION = 1;
				DEVELOPMENT_TEAM = 9GRVB72NF8;
				GENERATE_INFOPLIST_FILE = YES;
				INFOPLIST_FILE = ImageDownload/Info.plist;
				INFOPLIST_KEY_UIApplicationSupportsIndirectInputEvents = YES;
				INFOPLIST_KEY_UILaunchStoryboardName = LaunchScreen;
				INFOPLIST_KEY_UIMainStoryboardFile = Main;
				INFOPLIST_KEY_UISupportedInterfaceOrientations_iPad = "UIInterfaceOrientationPortrait UIInterfaceOrientationPortraitUpsideDown UIInterfaceOrientationLandscapeLeft UIInterfaceOrientationLandscapeRight";
				INFOPLIST_KEY_UISupportedInterfaceOrientations_iPhone = "UIInterfaceOrientationPortrait UIInterfaceOrientationLandscapeLeft UIInterfaceOrientationLandscapeRight";
				LD_RUNPATH_SEARCH_PATHS = (
					"$(inherited)",
					"@executable_path/Frameworks",
				);
				MARKETING_VERSION = 1.0;
				PRODUCT_BUNDLE_IDENTIFIER = com.codestronaut.ImageDownload;
				PRODUCT_NAME = "$(TARGET_NAME)";
				SWIFT_EMIT_LOC_STRINGS = YES;
				SWIFT_VERSION = 5.0;
				TARGETED_DEVICE_FAMILY = "1,2";
			};
			name = Release;
		};
		4805A80A293F33D500F21B6E /* Debug */ = {
			isa = XCBuildConfiguration;
			buildSettings = {
				ALWAYS_EMBED_SWIFT_STANDARD_LIBRARIES = YES;
				BUNDLE_LOADER = "$(TEST_HOST)";
				CODE_SIGN_STYLE = Automatic;
				CURRENT_PROJECT_VERSION = 1;
				DEVELOPMENT_TEAM = 9GRVB72NF8;
				GENERATE_INFOPLIST_FILE = YES;
				IPHONEOS_DEPLOYMENT_TARGET = 16.0;
				MARKETING_VERSION = 1.0;
				PRODUCT_BUNDLE_IDENTIFIER = com.codestronaut.ImageDownloadTests;
				PRODUCT_NAME = "$(TARGET_NAME)";
				SWIFT_EMIT_LOC_STRINGS = NO;
				SWIFT_VERSION = 5.0;
				TARGETED_DEVICE_FAMILY = "1,2";
				TEST_HOST = "$(BUILT_PRODUCTS_DIR)/ImageDownload.app/$(BUNDLE_EXECUTABLE_FOLDER_PATH)/ImageDownload";
			};
			name = Debug;
		};
		4805A80B293F33D500F21B6E /* Release */ = {
			isa = XCBuildConfiguration;
			buildSettings = {
				ALWAYS_EMBED_SWIFT_STANDARD_LIBRARIES = YES;
				BUNDLE_LOADER = "$(TEST_HOST)";
				CODE_SIGN_STYLE = Automatic;
				CURRENT_PROJECT_VERSION = 1;
				DEVELOPMENT_TEAM = 9GRVB72NF8;
				GENERATE_INFOPLIST_FILE = YES;
				IPHONEOS_DEPLOYMENT_TARGET = 16.0;
				MARKETING_VERSION = 1.0;
				PRODUCT_BUNDLE_IDENTIFIER = com.codestronaut.ImageDownloadTests;
				PRODUCT_NAME = "$(TARGET_NAME)";
				SWIFT_EMIT_LOC_STRINGS = NO;
				SWIFT_VERSION = 5.0;
				TARGETED_DEVICE_FAMILY = "1,2";
				TEST_HOST = "$(BUILT_PRODUCTS_DIR)/ImageDownload.app/$(BUNDLE_EXECUTABLE_FOLDER_PATH)/ImageDownload";
			};
			name = Release;
		};
		4805A80D293F33D500F21B6E /* Debug */ = {
			isa = XCBuildConfiguration;
			buildSettings = {
				ALWAYS_EMBED_SWIFT_STANDARD_LIBRARIES = YES;
				CODE_SIGN_STYLE = Automatic;
				CURRENT_PROJECT_VERSION = 1;
				DEVELOPMENT_TEAM = 9GRVB72NF8;
				GENERATE_INFOPLIST_FILE = YES;
				MARKETING_VERSION = 1.0;
				PRODUCT_BUNDLE_IDENTIFIER = com.codestronaut.ImageDownloadUITests;
				PRODUCT_NAME = "$(TARGET_NAME)";
				SWIFT_EMIT_LOC_STRINGS = NO;
				SWIFT_VERSION = 5.0;
				TARGETED_DEVICE_FAMILY = "1,2";
				TEST_TARGET_NAME = ImageDownload;
			};
			name = Debug;
		};
		4805A80E293F33D500F21B6E /* Release */ = {
			isa = XCBuildConfiguration;
			buildSettings = {
				ALWAYS_EMBED_SWIFT_STANDARD_LIBRARIES = YES;
				CODE_SIGN_STYLE = Automatic;
				CURRENT_PROJECT_VERSION = 1;
				DEVELOPMENT_TEAM = 9GRVB72NF8;
				GENERATE_INFOPLIST_FILE = YES;
				MARKETING_VERSION = 1.0;
				PRODUCT_BUNDLE_IDENTIFIER = com.codestronaut.ImageDownloadUITests;
				PRODUCT_NAME = "$(TARGET_NAME)";
				SWIFT_EMIT_LOC_STRINGS = NO;
				SWIFT_VERSION = 5.0;
				TARGETED_DEVICE_FAMILY = "1,2";
				TEST_TARGET_NAME = ImageDownload;
			};
			name = Release;
		};
/* End XCBuildConfiguration section */

/* Begin XCConfigurationList section */
		4805A7D7293F33D000F21B6E /* Build configuration list for PBXProject "ImageDownload" */ = {
			isa = XCConfigurationList;
			buildConfigurations = (
				4805A804293F33D500F21B6E /* Debug */,
				4805A805293F33D500F21B6E /* Release */,
			);
			defaultConfigurationIsVisible = 0;
			defaultConfigurationName = Release;
		};
		4805A806293F33D500F21B6E /* Build configuration list for PBXNativeTarget "ImageDownload" */ = {
			isa = XCConfigurationList;
			buildConfigurations = (
				4805A807293F33D500F21B6E /* Debug */,
				4805A808293F33D500F21B6E /* Release */,
			);
			defaultConfigurationIsVisible = 0;
			defaultConfigurationName = Release;
		};
		4805A809293F33D500F21B6E /* Build configuration list for PBXNativeTarget "ImageDownloadTests" */ = {
			isa = XCConfigurationList;
			buildConfigurations = (
				4805A80A293F33D500F21B6E /* Debug */,
				4805A80B293F33D500F21B6E /* Release */,
			);
			defaultConfigurationIsVisible = 0;
			defaultConfigurationName = Release;
		};
		4805A80C293F33D500F21B6E /* Build configuration list for PBXNativeTarget "ImageDownloadUITests" */ = {
			isa = XCConfigurationList;
			buildConfigurations = (
				4805A80D293F33D500F21B6E /* Debug */,
				4805A80E293F33D500F21B6E /* Release */,
			);
			defaultConfigurationIsVisible = 0;
			defaultConfigurationName = Release;
		};
/* End XCConfigurationList section */
	};
	rootObject = 4805A7D4293F33D000F21B6E /* Project object */;
}
